
Microsoft Visual Studio Solution File, Format Version 12.00
# Visual Studio 2012
Project("{8BC9CEB8-8B4A-11D0-8D11-00A0C91BC942}") = "FtpProt", "FtpProt.vcxproj", "{D2A4E5C1-6D6F-4AAC-AA6E-FEA8412A64F7}"
EndProject
Global
	GlobalSection(SolutionConfigurationPlatforms) = preSolution
		Debug|Win32 = Debug|Win32
		Release|Win32 = Release|Win32
	EndGlobalSection
	GlobalSection(ProjectConfigurationPlatforms) = postSolution
		{D2A4E5C1-6D6F-4AAC-AA6E-FEA8412A64F7}.Debug|Win32.ActiveCfg = Debug|Win32
		{D2A4E5C1-6D6F-4AAC-AA6E-FEA8412A64F7}.Debug|Win32.Build.0 = Debug|Win32
		{D2A4E5C1-6D6F-4AAC-AA6E-FEA8412A64F7}.Release|Win32.ActiveCfg = Release|Win32
		{D2A4E5C1-6D6F-4AAC-AA6E-FEA8412A64F7}.Release|Win32.Build.0 = Release|Win32
	EndGlobalSection
	GlobalSection(SolutionProperties) = preSolution
		HideSolutionNode = FALSE
	EndGlobalSection
EndGlobal
